<?xml version="1.0" encoding="utf-8"?>
<Project ToolsVersion="4.0" xmlns="http://schemas.microsoft.com/developer/msbuild/2003">
  <ItemGroup>
    <Filter Include="Test">
      <UniqueIdentifier>{4FC737F1-C7A5-4376-A066-2A32D752A2FF}</UniqueIdentifier>
      <Extensions>cpp;c;cc;cxx;c++;cppm;ixx;def;odl;idl;hpj;bat;asm;asmx</Extensions>
    </Filter>
    <Filter Include="Assembly Source">
      <UniqueIdentifier>{dc15502b-6679-4546-83d6-e03aceeeeb4f}</UniqueIdentifier>
    </Filter>
    <Filter Include="Utils">
      <UniqueIdentifier>{383fd2ec-30d1-4ce6-834f-c91b5c760787}</UniqueIdentifier>
    </Filter>
    <Filter Include="Source">
      <UniqueIdentifier>{f12e68c9-2725-4c40-a9dc-0d25f56c6739}</UniqueIdentifier>
    </Filter>
  </ItemGroup>
  <ItemGroup>
    <ClCompile Include="tree_map_base_test.cpp">
      <Filter>Test</Filter>
    </ClCompile>
    <ClCompile Include="utils.cpp">
      <Filter>Utils</Filter>
    </ClCompile>
    <ClCompile Include="tree_map_utils_test.cpp">
      <Filter>Test</Filter>
    </ClCompile>
  </ItemGroup>
  <ItemGroup>
    <MASM Include="tree_map_base.asm">
      <Filter>Assembly Source</Filter>
    </MASM>
    <MASM Include="tree_map_utils.asm">
      <Filter>Assembly Source</Filter>
    </MASM>
    <MASM Include="tree_map.inc">
      <Filter>Assembly Source</Filter>
    </MASM>
  </ItemGroup>
  <ItemGroup>
    <ClInclude Include="utils.h">
      <Filter>Utils</Filter>
    </ClInclude>
    <ClInclude Include="tree_map.h">
      <Filter>Source</Filter>
    </ClInclude>
  </ItemGroup>
</Project>